
Microsoft Visual Studio Solution File, Format Version 12.00
# Visual Studio Version 17
VisualStudioVersion = 17.9.34622.214
MinimumVisualStudioVersion = 10.0.40219.1
Project("{FAE04EC0-301F-11D3-BF4B-00C04F79EFBC}") = "AtYarisi", "AtYarisi\AtYarisi.csproj", "{3F5C2070-A958-4558-A2EC-90529B38C6C8}"
EndProject
Global
	GlobalSection(SolutionConfigurationPlatforms) = preSolution
		Debug|Any CPU = Debug|Any CPU
		Release|Any CPU = Release|Any CPU
	EndGlobalSection
	GlobalSection(ProjectConfigurationPlatforms) = postSolution
		{3F5C2070-A958-4558-A2EC-90529B38C6C8}.Debug|Any CPU.ActiveCfg = Debug|Any CPU
		{3F5C2070-A958-4558-A2EC-90529B38C6C8}.Debug|Any CPU.Build.0 = Debug|Any CPU
		{3F5C2070-A958-4558-A2EC-90529B38C6C8}.Release|Any CPU.ActiveCfg = Release|Any CPU
		{3F5C2070-A958-4558-A2EC-90529B38C6C8}.Release|Any CPU.Build.0 = Release|Any CPU
	EndGlobalSection
	GlobalSection(SolutionProperties) = preSolution
		HideSolutionNode = FALSE
	EndGlobalSection
	GlobalSection(ExtensibilityGlobals) = postSolution
		SolutionGuid = {DAE0AE22-0C3A-4514-93BB-72CF1C8AEBAA}
	EndGlobalSection
EndGlobal
